
Microsoft Visual Studio Solution File, Format Version 12.00
# Visual Studio 14
VisualStudioVersion = 14.0.25420.1
MinimumVisualStudioVersion = 10.0.40219.1
Project("{FAE04EC0-301F-11D3-BF4B-00C04F79EFBC}") = "App.Core", "App.Core\App.Core.csproj", "{F09692E4-0538-4EFD-836B-2C29AE1440F2}"
EndProject
Project("{FAE04EC0-301F-11D3-BF4B-00C04F79EFBC}") = "App.Mappings", "App.Mappings\App.Mappings.csproj", "{9E888E91-32C0-43DD-856A-DB259C01ED18}"
EndProject
Project("{FAE04EC0-301F-11D3-BF4B-00C04F79EFBC}") = "App.Repository", "App.Repository\App.Repository.csproj", "{81393460-5674-4F21-820A-830668549967}"
EndProject
Project("{FAE04EC0-301F-11D3-BF4B-00C04F79EFBC}") = "App.Services", "App.Services\App.Services.csproj", "{6D55498B-A912-4D62-AF5C-3F4791C6EA8C}"
EndProject
Project("{FAE04EC0-301F-11D3-BF4B-00C04F79EFBC}") = "App.Web.UI", "App.Web.UI\App.Web.UI.csproj", "{976DF60C-634F-49F2-8B12-EF6CF9B018E1}"
EndProject
Global
	GlobalSection(SolutionConfigurationPlatforms) = preSolution
		Debug|Any CPU = Debug|Any CPU
		Release|Any CPU = Release|Any CPU
	EndGlobalSection
	GlobalSection(ProjectConfigurationPlatforms) = postSolution
		{F09692E4-0538-4EFD-836B-2C29AE1440F2}.Debug|Any CPU.ActiveCfg = Debug|Any CPU
		{F09692E4-0538-4EFD-836B-2C29AE1440F2}.Debug|Any CPU.Build.0 = Debug|Any CPU
		{F09692E4-0538-4EFD-836B-2C29AE1440F2}.Release|Any CPU.ActiveCfg = Release|Any CPU
		{F09692E4-0538-4EFD-836B-2C29AE1440F2}.Release|Any CPU.Build.0 = Release|Any CPU
		{9E888E91-32C0-43DD-856A-DB259C01ED18}.Debug|Any CPU.ActiveCfg = Debug|Any CPU
		{9E888E91-32C0-43DD-856A-DB259C01ED18}.Debug|Any CPU.Build.0 = Debug|Any CPU
		{9E888E91-32C0-43DD-856A-DB259C01ED18}.Release|Any CPU.ActiveCfg = Release|Any CPU
		{9E888E91-32C0-43DD-856A-DB259C01ED18}.Release|Any CPU.Build.0 = Release|Any CPU
		{81393460-5674-4F21-820A-830668549967}.Debug|Any CPU.ActiveCfg = Debug|Any CPU
		{81393460-5674-4F21-820A-830668549967}.Debug|Any CPU.Build.0 = Debug|Any CPU
		{81393460-5674-4F21-820A-830668549967}.Release|Any CPU.ActiveCfg = Release|Any CPU
		{81393460-5674-4F21-820A-830668549967}.Release|Any CPU.Build.0 = Release|Any CPU
		{6D55498B-A912-4D62-AF5C-3F4791C6EA8C}.Debug|Any CPU.ActiveCfg = Debug|Any CPU
		{6D55498B-A912-4D62-AF5C-3F4791C6EA8C}.Debug|Any CPU.Build.0 = Debug|Any CPU
		{6D55498B-A912-4D62-AF5C-3F4791C6EA8C}.Release|Any CPU.ActiveCfg = Release|Any CPU
		{6D55498B-A912-4D62-AF5C-3F4791C6EA8C}.Release|Any CPU.Build.0 = Release|Any CPU
		{976DF60C-634F-49F2-8B12-EF6CF9B018E1}.Debug|Any CPU.ActiveCfg = Debug|Any CPU
		{976DF60C-634F-49F2-8B12-EF6CF9B018E1}.Debug|Any CPU.Build.0 = Debug|Any CPU
		{976DF60C-634F-49F2-8B12-EF6CF9B018E1}.Release|Any CPU.ActiveCfg = Release|Any CPU
		{976DF60C-634F-49F2-8B12-EF6CF9B018E1}.Release|Any CPU.Build.0 = Release|Any CPU
	EndGlobalSection
	GlobalSection(SolutionProperties) = preSolution
		HideSolutionNode = FALSE
	EndGlobalSection
EndGlobal
